
Microsoft Visual Studio Solution File, Format Version 12.00
# Visual Studio 15
VisualStudioVersion = 15.0.28307.572
MinimumVisualStudioVersion = 10.0.40219.1
Project("{FAE04EC0-301F-11D3-BF4B-00C04F79EFBC}") = "JustAWinForm", "JustAWinForm\JustAWinForm.csproj", "{77A6BA4F-3D52-44DC-B3F9-35FF3C3424DC}"
EndProject
Project("{FAE04EC0-301F-11D3-BF4B-00C04F79EFBC}") = "UnitTestProject1", "UnitTestProject1\UnitTestProject1.csproj", "{BA48612D-C922-4633-92D0-10DEDF268798}"
EndProject
Global
	GlobalSection(SolutionConfigurationPlatforms) = preSolution
		Debug|Any CPU = Debug|Any CPU
		Release|Any CPU = Release|Any CPU
	EndGlobalSection
	GlobalSection(ProjectConfigurationPlatforms) = postSolution
		{77A6BA4F-3D52-44DC-B3F9-35FF3C3424DC}.Debug|Any CPU.ActiveCfg = Debug|Any CPU
		{77A6BA4F-3D52-44DC-B3F9-35FF3C3424DC}.Debug|Any CPU.Build.0 = Debug|Any CPU
		{77A6BA4F-3D52-44DC-B3F9-35FF3C3424DC}.Release|Any CPU.ActiveCfg = Release|Any CPU
		{77A6BA4F-3D52-44DC-B3F9-35FF3C3424DC}.Release|Any CPU.Build.0 = Release|Any CPU
		{BA48612D-C922-4633-92D0-10DEDF268798}.Debug|Any CPU.ActiveCfg = Debug|Any CPU
		{BA48612D-C922-4633-92D0-10DEDF268798}.Debug|Any CPU.Build.0 = Debug|Any CPU
		{BA48612D-C922-4633-92D0-10DEDF268798}.Release|Any CPU.ActiveCfg = Release|Any CPU
		{BA48612D-C922-4633-92D0-10DEDF268798}.Release|Any CPU.Build.0 = Release|Any CPU
	EndGlobalSection
	GlobalSection(SolutionProperties) = preSolution
		HideSolutionNode = FALSE
	EndGlobalSection
	GlobalSection(ExtensibilityGlobals) = postSolution
		SolutionGuid = {BDE71048-916D-49D4-8160-1ABC3E03A808}
	EndGlobalSection
EndGlobal
